
Microsoft Visual Studio Solution File, Format Version 12.00
# Visual Studio 15
VisualStudioVersion = 15.0.26124.0
MinimumVisualStudioVersion = 15.0.26124.0
Project("{FAE04EC0-301F-11D3-BF4B-00C04F79EFBC}") = "dtt", "dtt\dtt.csproj", "{F90CCD1C-FAFB-4E1C-9155-07EF99ACA900}"
EndProject
Project("{FAE04EC0-301F-11D3-BF4B-00C04F79EFBC}") = "dtt.tests", "dtt.tests\dtt.tests.csproj", "{16A1D773-B736-4228-9521-603B6FDB7A34}"
EndProject
Project("{FAE04EC0-301F-11D3-BF4B-00C04F79EFBC}") = "console", "console\console.csproj", "{D6919BFE-5148-4ED3-9A72-A4AFB2D98167}"
EndProject
Global
	GlobalSection(SolutionConfigurationPlatforms) = preSolution
		Debug|Any CPU = Debug|Any CPU
		Debug|x64 = Debug|x64
		Debug|x86 = Debug|x86
		Release|Any CPU = Release|Any CPU
		Release|x64 = Release|x64
		Release|x86 = Release|x86
	EndGlobalSection
	GlobalSection(SolutionProperties) = preSolution
		HideSolutionNode = FALSE
	EndGlobalSection
	GlobalSection(ProjectConfigurationPlatforms) = postSolution
		{F90CCD1C-FAFB-4E1C-9155-07EF99ACA900}.Debug|Any CPU.ActiveCfg = Debug|Any CPU
		{F90CCD1C-FAFB-4E1C-9155-07EF99ACA900}.Debug|Any CPU.Build.0 = Debug|Any CPU
		{F90CCD1C-FAFB-4E1C-9155-07EF99ACA900}.Debug|x64.ActiveCfg = Debug|Any CPU
		{F90CCD1C-FAFB-4E1C-9155-07EF99ACA900}.Debug|x64.Build.0 = Debug|Any CPU
		{F90CCD1C-FAFB-4E1C-9155-07EF99ACA900}.Debug|x86.ActiveCfg = Debug|Any CPU
		{F90CCD1C-FAFB-4E1C-9155-07EF99ACA900}.Debug|x86.Build.0 = Debug|Any CPU
		{F90CCD1C-FAFB-4E1C-9155-07EF99ACA900}.Release|Any CPU.ActiveCfg = Release|Any CPU
		{F90CCD1C-FAFB-4E1C-9155-07EF99ACA900}.Release|Any CPU.Build.0 = Release|Any CPU
		{F90CCD1C-FAFB-4E1C-9155-07EF99ACA900}.Release|x64.ActiveCfg = Release|Any CPU
		{F90CCD1C-FAFB-4E1C-9155-07EF99ACA900}.Release|x64.Build.0 = Release|Any CPU
		{F90CCD1C-FAFB-4E1C-9155-07EF99ACA900}.Release|x86.ActiveCfg = Release|Any CPU
		{F90CCD1C-FAFB-4E1C-9155-07EF99ACA900}.Release|x86.Build.0 = Release|Any CPU
		{16A1D773-B736-4228-9521-603B6FDB7A34}.Debug|Any CPU.ActiveCfg = Debug|Any CPU
		{16A1D773-B736-4228-9521-603B6FDB7A34}.Debug|Any CPU.Build.0 = Debug|Any CPU
		{16A1D773-B736-4228-9521-603B6FDB7A34}.Debug|x64.ActiveCfg = Debug|Any CPU
		{16A1D773-B736-4228-9521-603B6FDB7A34}.Debug|x64.Build.0 = Debug|Any CPU
		{16A1D773-B736-4228-9521-603B6FDB7A34}.Debug|x86.ActiveCfg = Debug|Any CPU
		{16A1D773-B736-4228-9521-603B6FDB7A34}.Debug|x86.Build.0 = Debug|Any CPU
		{16A1D773-B736-4228-9521-603B6FDB7A34}.Release|Any CPU.ActiveCfg = Release|Any CPU
		{16A1D773-B736-4228-9521-603B6FDB7A34}.Release|Any CPU.Build.0 = Release|Any CPU
		{16A1D773-B736-4228-9521-603B6FDB7A34}.Release|x64.ActiveCfg = Release|Any CPU
		{16A1D773-B736-4228-9521-603B6FDB7A34}.Release|x64.Build.0 = Release|Any CPU
		{16A1D773-B736-4228-9521-603B6FDB7A34}.Release|x86.ActiveCfg = Release|Any CPU
		{16A1D773-B736-4228-9521-603B6FDB7A34}.Release|x86.Build.0 = Release|Any CPU
		{D6919BFE-5148-4ED3-9A72-A4AFB2D98167}.Debug|Any CPU.ActiveCfg = Debug|Any CPU
		{D6919BFE-5148-4ED3-9A72-A4AFB2D98167}.Debug|Any CPU.Build.0 = Debug|Any CPU
		{D6919BFE-5148-4ED3-9A72-A4AFB2D98167}.Debug|x64.ActiveCfg = Debug|Any CPU
		{D6919BFE-5148-4ED3-9A72-A4AFB2D98167}.Debug|x64.Build.0 = Debug|Any CPU
		{D6919BFE-5148-4ED3-9A72-A4AFB2D98167}.Debug|x86.ActiveCfg = Debug|Any CPU
		{D6919BFE-5148-4ED3-9A72-A4AFB2D98167}.Debug|x86.Build.0 = Debug|Any CPU
		{D6919BFE-5148-4ED3-9A72-A4AFB2D98167}.Release|Any CPU.ActiveCfg = Release|Any CPU
		{D6919BFE-5148-4ED3-9A72-A4AFB2D98167}.Release|Any CPU.Build.0 = Release|Any CPU
		{D6919BFE-5148-4ED3-9A72-A4AFB2D98167}.Release|x64.ActiveCfg = Release|Any CPU
		{D6919BFE-5148-4ED3-9A72-A4AFB2D98167}.Release|x64.Build.0 = Release|Any CPU
		{D6919BFE-5148-4ED3-9A72-A4AFB2D98167}.Release|x86.ActiveCfg = Release|Any CPU
		{D6919BFE-5148-4ED3-9A72-A4AFB2D98167}.Release|x86.Build.0 = Release|Any CPU
	EndGlobalSection
EndGlobal
